
Microsoft Visual Studio Solution File, Format Version 12.00
# Visual Studio 15
VisualStudioVersion = 15.0.27130.2026
MinimumVisualStudioVersion = 10.0.40219.1
Project("{9A19103F-16F7-4668-BE54-9A1E7A4F7556}") = "NShellit", "src\NShellit\NShellit.csproj", "{C88D43DD-2F99-40FF-881D-2207FB751829}"
EndProject
Project("{F5034706-568F-408A-B7B3-4D38C6DB8A32}") = "build", "build\build.pssproj", "{6CAFC0C6-A428-4D30-A9F9-700E829FEA51}"
EndProject
Project("{FAE04EC0-301F-11D3-BF4B-00C04F79EFBC}") = "NShellit.MSTest", "tests\NShellit.MSTest\NShellit.MSTest.csproj", "{E01B17C1-3471-4068-A77C-0E49E09B4C7A}"
EndProject
Project("{2150E333-8FDC-42A3-9474-1A3956D46DE8}") = "Solution Items", "Solution Items", "{EF25895D-3815-4DD3-BA79-1C83705ABF8E}"
	ProjectSection(SolutionItems) = preProject
		.gitignore = .gitignore
		README.md = README.md
		realeaseNotes.txt = realeaseNotes.txt
	EndProjectSection
EndProject
Project("{9A19103F-16F7-4668-BE54-9A1E7A4F7556}") = "NShellit.IntegrationTest", "tests\NShellit.IntegrationTest\NShellit.IntegrationTest.csproj", "{CF0AD45A-D589-43E0-B333-24950445630B}"
EndProject
Project("{2150E333-8FDC-42A3-9474-1A3956D46DE8}") = "Tests", "Tests", "{C3FFAA71-FE79-4FC3-8108-5400CC226723}"
EndProject
Project("{9A19103F-16F7-4668-BE54-9A1E7A4F7556}") = "NShellit.Benchmark", "tests\NShellit.Benchmark\NShellit.Benchmark.csproj", "{F5499DC1-1374-47E8-96A9-EE0470083071}"
EndProject
Global
	GlobalSection(SolutionConfigurationPlatforms) = preSolution
		Debug|Any CPU = Debug|Any CPU
		Release|Any CPU = Release|Any CPU
	EndGlobalSection
	GlobalSection(ProjectConfigurationPlatforms) = postSolution
		{C88D43DD-2F99-40FF-881D-2207FB751829}.Debug|Any CPU.ActiveCfg = Debug|Any CPU
		{C88D43DD-2F99-40FF-881D-2207FB751829}.Debug|Any CPU.Build.0 = Debug|Any CPU
		{C88D43DD-2F99-40FF-881D-2207FB751829}.Release|Any CPU.ActiveCfg = Release|Any CPU
		{C88D43DD-2F99-40FF-881D-2207FB751829}.Release|Any CPU.Build.0 = Release|Any CPU
		{6CAFC0C6-A428-4D30-A9F9-700E829FEA51}.Debug|Any CPU.ActiveCfg = Debug|Any CPU
		{6CAFC0C6-A428-4D30-A9F9-700E829FEA51}.Debug|Any CPU.Build.0 = Debug|Any CPU
		{6CAFC0C6-A428-4D30-A9F9-700E829FEA51}.Release|Any CPU.ActiveCfg = Release|Any CPU
		{6CAFC0C6-A428-4D30-A9F9-700E829FEA51}.Release|Any CPU.Build.0 = Release|Any CPU
		{E01B17C1-3471-4068-A77C-0E49E09B4C7A}.Debug|Any CPU.ActiveCfg = Debug|Any CPU
		{E01B17C1-3471-4068-A77C-0E49E09B4C7A}.Debug|Any CPU.Build.0 = Debug|Any CPU
		{E01B17C1-3471-4068-A77C-0E49E09B4C7A}.Release|Any CPU.ActiveCfg = Release|Any CPU
		{E01B17C1-3471-4068-A77C-0E49E09B4C7A}.Release|Any CPU.Build.0 = Release|Any CPU
		{CF0AD45A-D589-43E0-B333-24950445630B}.Debug|Any CPU.ActiveCfg = Debug|Any CPU
		{CF0AD45A-D589-43E0-B333-24950445630B}.Debug|Any CPU.Build.0 = Debug|Any CPU
		{CF0AD45A-D589-43E0-B333-24950445630B}.Release|Any CPU.ActiveCfg = Release|Any CPU
		{CF0AD45A-D589-43E0-B333-24950445630B}.Release|Any CPU.Build.0 = Release|Any CPU
		{F5499DC1-1374-47E8-96A9-EE0470083071}.Debug|Any CPU.ActiveCfg = Debug|Any CPU
		{F5499DC1-1374-47E8-96A9-EE0470083071}.Debug|Any CPU.Build.0 = Debug|Any CPU
		{F5499DC1-1374-47E8-96A9-EE0470083071}.Release|Any CPU.ActiveCfg = Release|Any CPU
		{F5499DC1-1374-47E8-96A9-EE0470083071}.Release|Any CPU.Build.0 = Release|Any CPU
	EndGlobalSection
	GlobalSection(SolutionProperties) = preSolution
		HideSolutionNode = FALSE
	EndGlobalSection
	GlobalSection(NestedProjects) = preSolution
		{E01B17C1-3471-4068-A77C-0E49E09B4C7A} = {C3FFAA71-FE79-4FC3-8108-5400CC226723}
		{CF0AD45A-D589-43E0-B333-24950445630B} = {C3FFAA71-FE79-4FC3-8108-5400CC226723}
		{F5499DC1-1374-47E8-96A9-EE0470083071} = {C3FFAA71-FE79-4FC3-8108-5400CC226723}
	EndGlobalSection
	GlobalSection(ExtensibilityGlobals) = postSolution
		SolutionGuid = {B4B94907-CB27-44F9-B2CF-560E7354CA7D}
	EndGlobalSection
EndGlobal
